PODS:
  - AHEasing (1.2)
  - HTGradientEasing-Fixed (0.0.8):
    - AHEasing
    - UIColor-CrossFade
  - UIColor-CrossFade (1.1.0)

DEPENDENCIES:
  - AHEasing
  - HTGradientEasing-Fixed
  - UIColor-CrossFade

SPEC CHECKSUMS:
  AHEasing: 847f583bcd83a2bb850e38ccdb26d22e2593f34d
  HTGradientEasing-Fixed: 5fd10fef450de9517cb49f013dfc340d86b9f0ec
  UIColor-CrossFade: 1e0dd1329ae45c6298f2b6b10d2bffc1e5af5d20

PODFILE CHECKSUM: 540325f1d0c024f1b77fe7890f7b7740de45445c

COCOAPODS: 1.2.1
